lockfileVersion: '9.0'

settings:
  autoInstallPeers: true
  excludeLinksFromLockfile: false

importers:

  .:
    devDependencies:
      '@types/node':
        specifier: ^22.5.3
        version: 22.5.3
      pnpm:
        specifier: ^9.9.0
        version: 9.9.0
      typescript:
        specifier: ^5.5.4
        version: 5.5.4

packages:

  '@types/node@22.5.3':
    resolution: {integrity: sha512-njripolh85IA9SQGTAqbmnNZTdxv7X/4OYGPz8tgy5JDr8MP+uDBa921GpYEoDDnwm0Hmn5ZPeJgiiSTPoOzkQ==}

  pnpm@9.9.0:
    resolution: {integrity: sha512-YMGKzROL/2ldM5vmrRP36TbupnRWYNTMSndtUkfFQNDt7hpWNpXBg6ZuuRfviPK0/rH8JfMqetytx6rzQ46ZwQ==}
    engines: {node: '>=18.12'}
    hasBin: true

  typescript@5.5.4:
    resolution: {integrity: sha512-Mtq29sKDAEYP7aljRgtPOpTvOfbwRWlS6dPRzwjdE+C0R4brX/GUyhHSecbHMFLNBLcJIPt9nl9yG5TZ1weH+Q==}
    engines: {node: '>=14.17'}
    hasBin: true

  undici-types@6.19.8:
    resolution: {integrity: sha512-ve2KP6f/JnbPBFyobGHuerC9g1FYGn/F8n1LWTwNxCEzd6IfqTwUQcNXgEtmmQ6DlRrC1hrSrBnCZPokRrDHjw==}

snapshots:

  '@types/node@22.5.3':
    dependencies:
      undici-types: 6.19.8

  pnpm@9.9.0: {}

  typescript@5.5.4: {}

  undici-types@6.19.8: {}
